{
    "_readme": [
        "This file locks the dependencies of your project to a known state",
        "Read more about it at https://getcomposer.org/doc/01-basic-usage.md#composer-lock-the-lock-file",
        "This file is @generated automatically"
    ],
    "hash": "6ad2357dde9fa7f225a569d6af7931cd",
    "content-hash": "e920b146d014e735ed9ed6b82c548844",
    "packages": [
        {
            "name": "eliasis-framework/eliasis",
            "version": "dev-master",
            "source": {
                "type": "git",
                "url": "https://github.com/Eliasis-Framework/Eliasis.git",
                "reference": "d925974f4b4e63a2032dd69c08245aecdc524b4d"
            },
            "dist": {
                "type": "zip",
                "url": "https://api.github.com/repos/Eliasis-Framework/Eliasis/zipball/d925974f4b4e63a2032dd69c08245aecdc524b4d",
                "reference": "d925974f4b4e63a2032dd69c08245aecdc524b4d",
                "shasum": ""
            },
            "require": {
                "josantonius/asset": "^1.1.0",
                "josantonius/cleaner": "^1.1.0",
                "josantonius/errorhandler": "^1.1.0",
                "josantonius/ip": "^1.1.0",
                "josantonius/loadtime": "^1.1.0",
                "josantonius/logger": "^1.1.0",
                "josantonius/notice": "^1.1.0",
                "josantonius/url": "^1.1.0",
                "php": "^5.6 || ^7.0"
            },
            "type": "library",
            "extra": {
                "branch-alias": {
                    "dev-master": "1.0-dev"
                }
            },
            "autoload": {
                "psr-4": {
                    "Eliasis\\": "src/"
                }
            },
            "notification-url": "https://packagist.org/downloads/",
            "license": [
                "MIT"
            ],
            "authors": [
                {
                    "name": "Josantonius",
                    "email": "info@josantonius.com",
                    "homepage": "https://github.com/josantonius",
                    "role": "Developer"
                }
            ],
            "description": "Eliasis PHP Framework",
            "keywords": [
                "Eliasis",
                "framework",
                "hmvc",
                "php"
            ],
            "time": "2017-03-04 05:58:25"
        },
        {
            "name": "josantonius/asset",
            "version": "1.1.1",
            "source": {
                "type": "git",
                "url": "https://github.com/Josantonius/PHP-Asset.git",
                "reference": "2b82075ee76193a3b67769f8e01011a3e7dd72a2"
            },
            "dist": {
                "type": "zip",
                "url": "https://api.github.com/repos/Josantonius/PHP-Asset/zipball/2b82075ee76193a3b67769f8e01011a3e7dd72a2",
                "reference": "2b82075ee76193a3b67769f8e01011a3e7dd72a2",
                "shasum": ""
            },
            "require": {
                "php": ">=5.6"
            },
            "type": "library",
            "extra": {
                "branch-alias": {
                    "dev-master": "1.1-dev"
                }
            },
            "autoload": {
                "psr-4": {
                    "Josantonius\\Asset\\": "src/"
                }
            },
            "notification-url": "https://packagist.org/downloads/",
            "license": [
                "MIT"
            ],
            "authors": [
                {
                    "name": "Josantonius",
                    "email": "info@josantonius.com",
                    "homepage": "https://github.com/josantonius",
                    "role": "Developer"
                }
            ],
            "description": "PHP library for save CSS and JS files to be displayed in same place.",
            "keywords": [
                "JS",
                "Load resources",
                "asset",
                "css",
                "hhvm",
                "php"
            ],
            "time": "2017-02-19 17:18:41"
        },
        {
            "name": "josantonius/cleaner",
            "version": "1.1.0",
            "source": {
                "type": "git",
                "url": "https://github.com/Josantonius/PHP-Cleaner.git",
                "reference": "3d8c7792fbe1dd0690545c3180dcaddf7cbbb783"
            },
            "dist": {
                "type": "zip",
                "url": "https://api.github.com/repos/Josantonius/PHP-Cleaner/zipball/3d8c7792fbe1dd0690545c3180dcaddf7cbbb783",
                "reference": "3d8c7792fbe1dd0690545c3180dcaddf7cbbb783",
                "shasum": ""
            },
            "require": {
                "php": ">=5.6"
            },
            "type": "library",
            "extra": {
                "branch-alias": {
                    "dev-master": "1.0-dev"
                }
            },
            "autoload": {
                "psr-4": {
                    "Josantonius\\Cleaner\\": "src/"
                }
            },
            "notification-url": "https://packagist.org/downloads/",
            "license": [
                "MIT"
            ],
            "authors": [
                {
                    "name": "Josantonius",
                    "email": "info@josantonius.com",
                    "homepage": "https://github.com/josantonius",
                    "role": "Developer"
                }
            ],
            "description": "PHP class for cleaning resources.",
            "keywords": [
                "Magic Quotes",
                "Register globals",
                "Unregister globals",
                "cleaner",
                "php"
            ],
            "time": "2017-01-31 03:00:37"
        },
        {
            "name": "josantonius/errorhandler",
            "version": "1.1.1",
            "source": {
                "type": "git",
                "url": "https://github.com/Josantonius/PHP-ErrorHandler.git",
                "reference": "9d823e32a8f533dc25d657f47ca9afa21e7420bd"
            },
            "dist": {
                "type": "zip",
                "url": "https://api.github.com/repos/Josantonius/PHP-ErrorHandler/zipball/9d823e32a8f533dc25d657f47ca9afa21e7420bd",
                "reference": "9d823e32a8f533dc25d657f47ca9afa21e7420bd",
                "shasum": ""
            },
            "require": {
                "php": ">=5.6"
            },
            "type": "library",
            "extra": {
                "branch-alias": {
                    "dev-master": "1.0-dev"
                }
            },
            "autoload": {
                "psr-4": {
                    "Josantonius\\ErrorHandler\\": "src/"
                }
            },
            "notification-url": "https://packagist.org/downloads/",
            "license": [
                "MIT"
            ],
            "authors": [
                {
                    "name": "Josantonius",
                    "email": "info@josantonius.com",
                    "homepage": "https://github.com/josantonius",
                    "role": "Developer"
                }
            ],
            "description": "PHP library for handling exceptions and errors.",
            "keywords": [
                "error",
                "error handler",
                "exception",
                "exception handler",
                "hhvm",
                "php",
                "throw",
                "throwable"
            ],
            "time": "2017-02-21 20:49:51"
        },
        {
            "name": "josantonius/ip",
            "version": "1.1.0",
            "source": {
                "type": "git",
                "url": "https://github.com/Josantonius/PHP-Ip.git",
                "reference": "058d682f75a59a627781eba76f24cba4b85bd4a6"
            },
            "dist": {
                "type": "zip",
                "url": "https://api.github.com/repos/Josantonius/PHP-Ip/zipball/058d682f75a59a627781eba76f24cba4b85bd4a6",
                "reference": "058d682f75a59a627781eba76f24cba4b85bd4a6",
                "shasum": ""
            },
            "require": {
                "php": ">=5.6"
            },
            "type": "library",
            "extra": {
                "branch-alias": {
                    "dev-master": "1.0-dev"
                }
            },
            "autoload": {
                "psr-4": {
                    "Josantonius\\Ip\\": "src/"
                }
            },
            "notification-url": "https://packagist.org/downloads/",
            "license": [
                "MIT"
            ],
            "authors": [
                {
                    "name": "Josantonius",
                    "email": "info@josantonius.com",
                    "homepage": "https://github.com/josantonius",
                    "role": "Developer"
                }
            ],
            "description": "PHP class to get user IP.",
            "keywords": [
                "Get user IP",
                "IP",
                "REMOTE_ADDR",
                "hhvm",
                "php"
            ],
            "time": "2017-01-31 02:19:43"
        },
        {
            "name": "josantonius/loadtime",
            "version": "1.1.0",
            "source": {
                "type": "git",
                "url": "https://github.com/Josantonius/PHP-LoadTime.git",
                "reference": "6764b86da940c0462af17866735ee3ba3cdfe03c"
            },
            "dist": {
                "type": "zip",
                "url": "https://api.github.com/repos/Josantonius/PHP-LoadTime/zipball/6764b86da940c0462af17866735ee3ba3cdfe03c",
                "reference": "6764b86da940c0462af17866735ee3ba3cdfe03c",
                "shasum": ""
            },
            "require": {
                "php": ">=5.6"
            },
            "type": "library",
            "extra": {
                "branch-alias": {
                    "dev-master": "1.0-dev"
                }
            },
            "autoload": {
                "psr-4": {
                    "Josantonius\\LoadTime\\": "src/"
                }
            },
            "notification-url": "https://packagist.org/downloads/",
            "license": [
                "MIT"
            ],
            "authors": [
                {
                    "name": "Josantonius",
                    "email": "info@josantonius.com",
                    "homepage": "https://github.com/josantonius",
                    "role": "Developer"
                }
            ],
            "description": "Calculate load time of pages or scripts.",
            "keywords": [
                "Page load time",
                "Script load time",
                "hhvm",
                "php"
            ],
            "time": "2017-01-31 01:22:20"
        },
        {
            "name": "josantonius/logger",
            "version": "1.1.0",
            "source": {
                "type": "git",
                "url": "https://github.com/Josantonius/PHP-Logger.git",
                "reference": "eb91057aa7afd4cc8eeb1cf8acbafb9b2a4c6282"
            },
            "dist": {
                "type": "zip",
                "url": "https://api.github.com/repos/Josantonius/PHP-Logger/zipball/eb91057aa7afd4cc8eeb1cf8acbafb9b2a4c6282",
                "reference": "eb91057aa7afd4cc8eeb1cf8acbafb9b2a4c6282",
                "shasum": ""
            },
            "require": {
                "php": ">=5.6"
            },
            "type": "library",
            "extra": {
                "branch-alias": {
                    "dev-master": "1.0-dev"
                }
            },
            "autoload": {
                "psr-4": {
                    "Josantonius\\Logger\\": "src/"
                }
            },
            "notification-url": "https://packagist.org/downloads/",
            "license": [
                "MIT"
            ],
            "authors": [
                {
                    "name": "Josantonius",
                    "email": "info@josantonius.com",
                    "homepage": "https://github.com/josantonius",
                    "role": "Developer"
                }
            ],
            "description": "Php library to create logs easily and store them in Json format.",
            "keywords": [
                "debug",
                "debugger",
                "hhvm",
                "log",
                "php"
            ],
            "time": "2017-02-01 23:51:19"
        },
        {
            "name": "josantonius/notice",
            "version": "1.1.0",
            "source": {
                "type": "git",
                "url": "https://github.com/Josantonius/PHP-Notice.git",
                "reference": "a693318d94506fb2279e3c862af76e0d956890ed"
            },
            "dist": {
                "type": "zip",
                "url": "https://api.github.com/repos/Josantonius/PHP-Notice/zipball/a693318d94506fb2279e3c862af76e0d956890ed",
                "reference": "a693318d94506fb2279e3c862af76e0d956890ed",
                "shasum": ""
            },
            "require": {
                "php": ">=5.6"
            },
            "type": "library",
            "extra": {
                "branch-alias": {
                    "dev-master": "1.0-dev"
                }
            },
            "autoload": {
                "psr-4": {
                    "Josantonius\\Notice\\": "src/"
                }
            },
            "notification-url": "https://packagist.org/downloads/",
            "license": [
                "MIT"
            ],
            "authors": [
                {
                    "name": "Josantonius",
                    "email": "hola@josantonius.com",
                    "homepage": "https://github.com/josantonius",
                    "role": "Developer"
                }
            ],
            "description": "PHP library for handling errors and notices.",
            "keywords": [
                "PHP notice",
                "PHP warning",
                "hhvm",
                "http response",
                "php",
                "php error"
            ],
            "time": "2017-02-28 03:42:41"
        },
        {
            "name": "josantonius/url",
            "version": "1.1.0",
            "source": {
                "type": "git",
                "url": "https://github.com/Josantonius/PHP-Url.git",
                "reference": "f26d65b9656ca86173bfb61a626655302f8e0921"
            },
            "dist": {
                "type": "zip",
                "url": "https://api.github.com/repos/Josantonius/PHP-Url/zipball/f26d65b9656ca86173bfb61a626655302f8e0921",
                "reference": "f26d65b9656ca86173bfb61a626655302f8e0921",
                "shasum": ""
            },
            "require": {
                "php": ">=5.6"
            },
            "type": "library",
            "extra": {
                "branch-alias": {
                    "dev-master": "1.0-dev"
                }
            },
            "autoload": {
                "psr-4": {
                    "Josantonius\\Url\\": "src/"
                }
            },
            "notification-url": "https://packagist.org/downloads/",
            "license": [
                "MIT"
            ],
            "authors": [
                {
                    "name": "Josantonius",
                    "email": "hola@josantonius.com",
                    "homepage": "https://github.com/josantonius",
                    "role": "Developer"
                }
            ],
            "description": "Library for urls manipulation.",
            "keywords": [
                "hhvm",
                "https",
                "path",
                "php",
                "uri",
                "url"
            ],
            "time": "2017-02-28 04:18:50"
        }
    ],
    "packages-dev": [],
    "aliases": [],
    "minimum-stability": "dev",
    "stability-flags": [],
    "prefer-stable": true,
    "prefer-lowest": false,
    "platform": {
        "php": "^5.6 || ^7.0"
    },
    "platform-dev": []
}
